{
  "version": 2,
  "dependencies": {
    "net8.0": {
      "Argon.FSharp": {
        "type": "Direct",
        "requested": "[0.21.0, )",
        "resolved": "0.21.0",
        "contentHash": "Y54bTUryaaGNKRtDfbseCx0FBIHGUsiwSCPWUtDqJRNFFFsrIKBb0uerXf0p1H3dm8EYjq3tDtuJkrNgWRD08g==",
        "dependencies": {
          "Argon": "0.21.0",
          "FSharp.Core": "8.0.301"
        }
      },
      "BlackFox.CommandLine": {
        "type": "Direct",
        "requested": "[1.0.0, )",
        "resolved": "1.0.0",
        "contentHash": "dSW7uLetl021HQXKcZd1xrXPjhsXgaJ5U4tFe64DLja1KZ2Ce6QeugHvZDvLfcPkEc1ZPRF7fWv5/T+X3ThWTA==",
        "dependencies": {
          "FSharp.Core": "4.2.3"
        }
      },
      "EasyBuild.CommitParser": {
        "type": "Direct",
        "requested": "[1.1.0, )",
        "resolved": "1.1.0",
        "contentHash": "YTAc9tqNrXPYUF8nuQUYQHXMCWRXXnEdJzzlBOI4SWT/pBsObTI5siNw9L+sNFo0KXxkFx25LSgbRLBcZv4VeA==",
        "dependencies": {
          "FSharp.Core": "5.0.2",
          "Thoth.Json.Newtonsoft": "0.1.0"
        }
      },
      "EasyBuild.FileSystemProvider": {
        "type": "Direct",
        "requested": "[0.3.0, )",
        "resolved": "0.3.0",
        "contentHash": "gdVJpqcMDJm4IfmITy3MtpEn/lo9pH8PirVlENtXGX9Sdw3rCgoo9ch1TAthUseh28RcUGWwza9BmEWlrQX/Aw=="
      },
      "Fixie.TestAdapter": {
        "type": "Direct",
        "requested": "[3.4.0, )",
        "resolved": "3.4.0",
        "contentHash": "KQBF/t82Ax/09CuF4GuYOCshfA72YGvMh3t8EGLeqsCLdZmWhR6Lz0IIsbDkS9DrECK7l03WTufHe0D7Mq6WBw==",
        "dependencies": {
          "Fixie": "[3.4.0]",
          "Microsoft.NET.Test.Sdk": "17.8.0",
          "Mono.Cecil": "0.11.5"
        }
      },
      "FSharp.Core": {
        "type": "Direct",
        "requested": "[8.0.301, )",
        "resolved": "8.0.301",
        "contentHash": "I94+2zfAhWMJwPzVDFSlsutZvjPkaRvLVipf8b2O4AyzxKUBmevDkUBzcJBqSQNB1Ikig8xdphswoeKrObqx7Q=="
      },
      "Spectre.Console.Testing": {
        "type": "Direct",
        "requested": "[0.49.1, )",
        "resolved": "0.49.1",
        "contentHash": "i31qLh8VAxCVbTYnUT20d5KcizWz3ka81x4Ay4mrO2dgJT0YbpX2AD1CD8jBorpuDxTv0e7pNNSemFEfLgrMmg==",
        "dependencies": {
          "Spectre.Console": "0.49.1",
          "Spectre.Console.Cli": "0.49.1"
        }
      },
      "Verify.Fixie": {
        "type": "Direct",
        "requested": "[26.2.0, )",
        "resolved": "26.2.0",
        "contentHash": "Re3P/MZ5U98voRvCHi5OGiQbEysRe7mSP68YveFpxALSHxR2hpf78NBux4EXxgN+gCPQvESO10/IKdaQtcfz0w==",
        "dependencies": {
          "Fixie": "3.4.0",
          "Verify": "26.2.0"
        }
      },
      "Argon": {
        "type": "Transitive",
        "resolved": "0.21.0",
        "contentHash": "c515pzYDOmF3o8TywrIsTjxbc5KJwSdZW3I7JkhhduLz15wAlxo53nLg2UnD+dqTAT838LcuawRNgneK83A30Q=="
      },
      "DiffEngine": {
        "type": "Transitive",
        "resolved": "15.5.0",
        "contentHash": "bO9PDNuH1VQ3TN/BH9xUiZOc1yxufYq/UnEKm3jg87sQJEOi0TBWLkLntRf/k/5WUpr/FpvVa4gvHqQ9M0F/fg==",
        "dependencies": {
          "EmptyFiles": "8.3.0",
          "System.Management": "8.0.0"
        }
      },
      "EmptyFiles": {
        "type": "Transitive",
        "resolved": "8.3.0",
        "contentHash": "VMI1Q3LUn46eSu2YMWJZ+dFPz0TcniKlGXWixFaTH7zTawn6Di6BE/3x2M5/bsVpW5AFNGSKwifeD6jV3J4Wvw=="
      },
      "Fable.Core": {
        "type": "Transitive",
        "resolved": "4.1.0",
        "contentHash": "NISAbAVGEcvH2s+vHLSOCzh98xMYx4aIadWacQdWPcQLploxpSQXLEe9SeszUBhbHa73KMiKREsH4/W3q4A4iA=="
      },
      "Fixie": {
        "type": "Transitive",
        "resolved": "3.4.0",
        "contentHash": "Rn+KhQIobYpMC8+S3Fk48wgpo8zljYsgT+M84q5csNJM5AzyVebcIIPAv5DXb+lJuKaOCG3ntpTdTEUPOJAHOA=="
      },
      "Microsoft.CodeCoverage": {
        "type": "Transitive",
        "resolved": "17.8.0",
        "contentHash": "KC8SXWbGIdoFVdlxKk9WHccm0llm9HypcHMLUUFabRiTS3SO2fQXNZfdiF3qkEdTJhbRrxhdRxjL4jbtwPq4Ew=="
      },
      "Microsoft.NET.Test.Sdk": {
        "type": "Transitive",
        "resolved": "17.8.0",
        "contentHash": "BmTYGbD/YuDHmApIENdoyN1jCk0Rj1fJB0+B/fVekyTdVidr91IlzhqzytiUgaEAzL1ZJcYCme0MeBMYvJVzvw==",
        "dependencies": {
          "Microsoft.CodeCoverage": "17.8.0",
          "Microsoft.TestPlatform.TestHost": "17.8.0"
        }
      },
      "Microsoft.TestPlatform.ObjectModel": {
        "type": "Transitive",
        "resolved": "17.8.0",
        "contentHash": "AYy6vlpGMfz5kOFq99L93RGbqftW/8eQTqjT9iGXW6s9MRP3UdtY8idJ8rJcjeSja8A18IhIro5YnH3uv1nz4g==",
        "dependencies": {
          "NuGet.Frameworks": "6.5.0",
          "System.Reflection.Metadata": "1.6.0"
        }
      },
      "Microsoft.TestPlatform.TestHost": {
        "type": "Transitive",
        "resolved": "17.8.0",
        "contentHash": "9ivcl/7SGRmOT0YYrHQGohWiT5YCpkmy/UEzldfVisLm6QxbLaK3FAJqZXI34rnRLmqqDCeMQxKINwmKwAPiDw==",
        "dependencies": {
          "Microsoft.TestPlatform.ObjectModel": "17.8.0",
          "Newtonsoft.Json": "13.0.1"
        }
      },
      "Mono.Cecil": {
        "type": "Transitive",
        "resolved": "0.11.5",
        "contentHash": "fxfX+0JGTZ8YQeu1MYjbBiK2CYTSzDyEeIixt+yqKKTn7FW8rv7JMY70qevup4ZJfD7Kk/VG/jDzQQTpfch87g=="
      },
      "Newtonsoft.Json": {
        "type": "Transitive",
        "resolved": "13.0.1",
        "contentHash": "ppPFpBcvxdsfUonNcvITKqLl3bqxWbDCZIzDWHzjpdAHRFfZe0Dw9HmA0+za13IdyrgJwpkDTDA9fHaxOrt20A=="
      },
      "NuGet.Frameworks": {
        "type": "Transitive",
        "resolved": "6.5.0",
        "contentHash": "QWINE2x3MbTODsWT1Gh71GaGb5icBz4chS8VYvTgsBnsi8esgN6wtHhydd7fvToWECYGq7T4cgBBDiKD/363fg=="
      },
      "SimpleInfoName": {
        "type": "Transitive",
        "resolved": "2.3.0",
        "contentHash": "oasLpQjcW+x3/EEgAmFI1NkrSmjIuXGgxm9dbzTY8XHgv05324QJZb4dh07PzHjKOUK28ImObtXGF7h4pEbpaA=="
      },
      "Spectre.Console": {
        "type": "Transitive",
        "resolved": "0.49.1",
        "contentHash": "USV+pdu49OJ3nCjxNuw1K9Zw/c1HCBbwbjXZp0EOn6wM99tFdAtN34KEBZUMyRuJuXlUMDqhd8Yq9obW2MslYA=="
      },
      "System.CodeDom": {
        "type": "Transitive",
        "resolved": "8.0.0",
        "contentHash": "WTlRjL6KWIMr/pAaq3rYqh0TJlzpouaQ/W1eelssHgtlwHAH25jXTkUphTYx9HaIIf7XA6qs/0+YhtLEQRkJ+Q=="
      },
      "System.IO.Hashing": {
        "type": "Transitive",
        "resolved": "8.0.0",
        "contentHash": "ne1843evDugl0md7Fjzy6QjJrzsjh46ZKbhf8GwBXb5f/gw97J4bxMs0NQKifDuThh/f0bZ0e62NPl1jzTuRqA=="
      },
      "System.Management": {
        "type": "Transitive",
        "resolved": "8.0.0",
        "contentHash": "jrK22i5LRzxZCfGb+tGmke2VH7oE0DvcDlJ1HAKYU8cPmD8XnpUT0bYn2Gy98GEhGjtfbR/sxKTVb+dE770pfA==",
        "dependencies": {
          "System.CodeDom": "8.0.0"
        }
      },
      "System.Reflection.Metadata": {
        "type": "Transitive",
        "resolved": "1.6.0",
        "contentHash": "COC1aiAJjCoA5GBF+QKL2uLqEBew4JsCkQmoHKbN3TlOZKa2fKLz5CpiRQKDz0RsAOEGsVKqOD5bomsXq/4STQ=="
      },
      "Thoth.Json.Core": {
        "type": "Transitive",
        "resolved": "0.1.0",
        "contentHash": "hIo4bdnbG2BOmCrUTHhScgn0aTnlGPQtmO0KiCklSHduEQV3r7SjwscvjjcbfXyc0nuPV6UOg05KHMUgiIeXjQ==",
        "dependencies": {
          "FSharp.Core": "5.0.0",
          "Fable.Core": "4.1.0"
        }
      },
      "Verify": {
        "type": "Transitive",
        "resolved": "26.2.0",
        "contentHash": "CMFZ2/DzMxGhpiuYiI/lAZ8QetkX/4M7s4OWw4uIk5gJuO3CSmDhKYIgkecDDSSvP9v+HZvkpaUfPsyHjHNZgw==",
        "dependencies": {
          "Argon": "0.21.0",
          "DiffEngine": "15.5.0",
          "SimpleInfoName": "2.3.0",
          "System.IO.Hashing": "8.0.0"
        }
      },
      "easybuild.commitlinter": {
        "type": "Project",
        "dependencies": {
          "EasyBuild.CommitParser": "[1.1.0, )",
          "FSharp.Core": "[5.0.2, )",
          "Spectre.Console.Cli": "[0.49.0, )",
          "Thoth.Json.Newtonsoft": "[0.1.0, )"
        }
      },
      "Spectre.Console.Cli": {
        "type": "CentralTransitive",
        "requested": "[0.49.0, )",
        "resolved": "0.49.1",
        "contentHash": "wBZzyEbKqfPFFUPhV5E7/k4Kwy4UDO42IVzvzk0C4Pkjjw+NSd0EOBkIutYET4vJY4X81pD9ooQO9gfBGXj4+g==",
        "dependencies": {
          "Spectre.Console": "0.49.1"
        }
      },
      "Thoth.Json.Newtonsoft": {
        "type": "CentralTransitive",
        "requested": "[0.1.0, )",
        "resolved": "0.1.0",
        "contentHash": "i64dDASv8UY8oPNwvcF7UTLvXYL2C3PaTeNQ8s8Woy/pNTKud616//+0V858wcS2PyunVnyQeuiND4bfvMujhQ==",
        "dependencies": {
          "FSharp.Core": "5.0.0",
          "Fable.Core": "4.1.0",
          "Newtonsoft.Json": "13.0.1",
          "Thoth.Json.Core": "0.1.0"
        }
      }
    }
  }
}