{
  "version": 2,
  "dependencies": {
    "net6.0": {
      "DotNet.ReproducibleBuilds": {
        "type": "Direct",
        "requested": "[1.2.25, )",
        "resolved": "1.2.25",
        "contentHash": "xCXiw7BCxHJ8pF6wPepRUddlh2dlQlbr81gXA72hdk4FLHkKXas7EH/n+fk5UCA/YfMqG1Z6XaPiUjDbUNBUzg=="
      },
      "EasyBuild.CommitParser": {
        "type": "Direct",
        "requested": "[2.1.1, )",
        "resolved": "2.1.1",
        "contentHash": "S1svFW9Jvit9FuFZoyOnQ8tpbw0HexvcMUb9PSW7Yjtb0ty6jgmG0lYmZ6fmdINM+W6RJEhIIHIDyFjXPPv6/Q==",
        "dependencies": {
          "FSharp.Core": "7.0.300",
          "FsToolkit.ErrorHandling": "4.18.0",
          "Thoth.Json.Newtonsoft": "0.1.0"
        }
      },
      "FSharp.Core": {
        "type": "Direct",
        "requested": "[7.0.300, )",
        "resolved": "7.0.300",
        "contentHash": "8vvItREJ1l5lcp3vBCSJ1mFevVAhR48I34DuF/EoUa7o1KlFpQpagyuZkVYMAsHPIjdp47ZxM9sI4eqeXaeWkA=="
      },
      "Spectre.Console.Cli": {
        "type": "Direct",
        "requested": "[0.49.0, )",
        "resolved": "0.49.0",
        "contentHash": "841g7PhuJFwoCatKKVoIRDaylmcaTxEzTzq7+rGHyVCBUqL7iOH0c5AsGnjgBMzhRDnUUWkP47Ho9WWfqMVqAA==",
        "dependencies": {
          "Spectre.Console": "0.49.0"
        }
      },
      "Thoth.Json.Newtonsoft": {
        "type": "Direct",
        "requested": "[0.1.0, )",
        "resolved": "0.1.0",
        "contentHash": "i64dDASv8UY8oPNwvcF7UTLvXYL2C3PaTeNQ8s8Woy/pNTKud616//+0V858wcS2PyunVnyQeuiND4bfvMujhQ==",
        "dependencies": {
          "FSharp.Core": "5.0.0",
          "Fable.Core": "4.1.0",
          "Newtonsoft.Json": "13.0.1",
          "Thoth.Json.Core": "0.1.0"
        }
      },
      "Fable.Core": {
        "type": "Transitive",
        "resolved": "4.1.0",
        "contentHash": "NISAbAVGEcvH2s+vHLSOCzh98xMYx4aIadWacQdWPcQLploxpSQXLEe9SeszUBhbHa73KMiKREsH4/W3q4A4iA=="
      },
      "FsToolkit.ErrorHandling": {
        "type": "Transitive",
        "resolved": "4.18.0",
        "contentHash": "cGtOP6lWcnLcXiLTGZLHi+8JAyuUDjGhZOmJWnZfd5aPCUIyL+DqUIwmfEGkUk3j/gpcchLDk9BNwUTc1oM30w==",
        "dependencies": {
          "FSharp.Core": "7.0.300"
        }
      },
      "Newtonsoft.Json": {
        "type": "Transitive",
        "resolved": "13.0.1",
        "contentHash": "ppPFpBcvxdsfUonNcvITKqLl3bqxWbDCZIzDWHzjpdAHRFfZe0Dw9HmA0+za13IdyrgJwpkDTDA9fHaxOrt20A=="
      },
      "Spectre.Console": {
        "type": "Transitive",
        "resolved": "0.49.0",
        "contentHash": "1s+hhYq5fcrqCvZhrNOPehAmCZJM6cjro85g1Qirvmm1tys+/sfFJgePCGcxr+S/nONZ/lCDTflPda3C+WlBdg=="
      },
      "Thoth.Json.Core": {
        "type": "Transitive",
        "resolved": "0.1.0",
        "contentHash": "hIo4bdnbG2BOmCrUTHhScgn0aTnlGPQtmO0KiCklSHduEQV3r7SjwscvjjcbfXyc0nuPV6UOg05KHMUgiIeXjQ==",
        "dependencies": {
          "FSharp.Core": "5.0.0",
          "Fable.Core": "4.1.0"
        }
      }
    }
  }
}