{
  "version": 2,
  "dependencies": {
    "net8.0": {
      "Avalonia.Desktop": {
        "type": "Direct",
        "requested": "[11.1.3, )",
        "resolved": "11.1.3",
        "contentHash": "GwvshQIXyka+JUmmAtwLSRnpSJZUIxcrV0XeV3secwnbRzl6ekwFEChAxbKFjte177eA76E/SI/425AWZEL6/w==",
        "dependencies": {
          "Avalonia": "11.1.3",
          "Avalonia.Native": "11.1.3",
          "Avalonia.Skia": "11.1.3",
          "Avalonia.Win32": "11.1.3",
          "Avalonia.X11": "11.1.3"
        }
      },
      "Avalonia.Diagnostics": {
        "type": "Direct",
        "requested": "[11.1.3, )",
        "resolved": "11.1.3",
        "contentHash": "1oJQivGbnBJL2a1TpQEt5jfvdn5+iclDdRn6JzPu54oPHv48iTnulT6mlKPTe4L9JX/bUjJsxhZxcyTh6dhhqQ==",
        "dependencies": {
          "Avalonia": "11.1.3",
          "Avalonia.Controls.ColorPicker": "11.1.3",
          "Avalonia.Controls.DataGrid": "11.1.3",
          "Avalonia.Themes.Simple": "11.1.3"
        }
      },
      "Avalonia.FuncUI": {
        "type": "Direct",
        "requested": "[1.5.1, )",
        "resolved": "1.5.1",
        "contentHash": "u/mJdSjXTYqh61wNXRksMRhHmh+0jyDQCFnoHa8Qvvzl9bpwzFUw2gyIjMxCruijdkoh+ykZD9vmniR6eEFCyA==",
        "dependencies": {
          "Avalonia": "11.1.0",
          "Avalonia.Controls.DataGrid": "11.1.0",
          "FSharp.Core": "6.0.0"
        }
      },
      "Avalonia.FuncUI.Elmish": {
        "type": "Direct",
        "requested": "[1.5.1, )",
        "resolved": "1.5.1",
        "contentHash": "j0/aOQo68dOCWt0RjxiVsVGrPo83gU0pbyY8ZY7CVREGmOL7McP9IV/doifXr3IZmn8EeEKp+oZ8mZQSBsVJRA==",
        "dependencies": {
          "Avalonia.FuncUI": "1.5.1",
          "Elmish": "4.0.0",
          "FSharp.Core": "6.0.0"
        }
      },
      "Avalonia.Themes.Fluent": {
        "type": "Direct",
        "requested": "[11.1.3, )",
        "resolved": "11.1.3",
        "contentHash": "/2O9HXnnqRVGQ6VUjLLOkCNQx1/gXu69yyzUmDgS13Q0LdbGaYUYzSnPFnIBtOABuVCmdwbu+W+YI6jSwnT0uw==",
        "dependencies": {
          "Avalonia": "11.1.3"
        }
      },
      "EasyBuild.CommitParser": {
        "type": "Direct",
        "requested": "[1.1.0, )",
        "resolved": "1.1.0",
        "contentHash": "YTAc9tqNrXPYUF8nuQUYQHXMCWRXXnEdJzzlBOI4SWT/pBsObTI5siNw9L+sNFo0KXxkFx25LSgbRLBcZv4VeA==",
        "dependencies": {
          "FSharp.Core": "5.0.2",
          "Thoth.Json.Newtonsoft": "0.1.0"
        }
      },
      "FSharp.Core": {
        "type": "Direct",
        "requested": "[8.0.301, )",
        "resolved": "8.0.301",
        "contentHash": "I94+2zfAhWMJwPzVDFSlsutZvjPkaRvLVipf8b2O4AyzxKUBmevDkUBzcJBqSQNB1Ikig8xdphswoeKrObqx7Q=="
      },
      "Spectre.Console.Cli": {
        "type": "Direct",
        "requested": "[0.49.0, )",
        "resolved": "0.49.0",
        "contentHash": "841g7PhuJFwoCatKKVoIRDaylmcaTxEzTzq7+rGHyVCBUqL7iOH0c5AsGnjgBMzhRDnUUWkP47Ho9WWfqMVqAA==",
        "dependencies": {
          "Spectre.Console": "0.49.0"
        }
      },
      "Terminal.Gui": {
        "type": "Direct",
        "requested": "[2.0.0-v2-develop.2329, )",
        "resolved": "2.0.0-v2-develop.2329",
        "contentHash": "1WRHeZKN5tnF8DUu0vHz5pGZIY9ETwufKbUHCoH3UTcIeOlduhRCpBhTyJWri/fePsUkij2euFMGX2yHfk4h/A==",
        "dependencies": {
          "ColorHelper": "[1.8.1, 2.0.0)",
          "System.IO.Abstractions": "[21.0.22, 22.0.0)",
          "System.Text.Json": "[8.0.4, 9.0.0)",
          "Wcwidth": "[2.0.0, 3.0.0)"
        }
      },
      "Thoth.Json.Newtonsoft": {
        "type": "Direct",
        "requested": "[0.1.0, )",
        "resolved": "0.1.0",
        "contentHash": "i64dDASv8UY8oPNwvcF7UTLvXYL2C3PaTeNQ8s8Woy/pNTKud616//+0V858wcS2PyunVnyQeuiND4bfvMujhQ==",
        "dependencies": {
          "FSharp.Core": "5.0.0",
          "Fable.Core": "4.1.0",
          "Newtonsoft.Json": "13.0.1",
          "Thoth.Json.Core": "0.1.0"
        }
      },
      "Avalonia": {
        "type": "Transitive",
        "resolved": "11.1.3",
        "contentHash": "kpVAnKTbg/ZVnWyYLGPYXR0Ce4uiHLT1y6BcgJYpdFfn3b0TmvbxFZV37lpc1wEjUyaU28V+DoNnRbYSLsv0nw==",
        "dependencies": {
          "Avalonia.BuildServices": "0.0.29",
          "Avalonia.Remote.Protocol": "11.1.3",
          "MicroCom.Runtime": "0.11.0"
        }
      },
      "Avalonia.Angle.Windows.Natives": {
        "type": "Transitive",
        "resolved": "2.1.22045.20230930",
        "contentHash": "Bo3qOhKC1b84BIhiogndMdAzB3UrrESKK7hS769f5HWeoMw/pcd42US5KFYW2JJ4ZSTrXnP8mXwLTMzh+S+9Lg=="
      },
      "Avalonia.BuildServices": {
        "type": "Transitive",
        "resolved": "0.0.29",
        "contentHash": "U4eJLQdoDNHXtEba7MZUCwrBErBTxFp6sUewXBOdAhU0Kwzwaa/EKFcYm8kpcysjzKtfB4S0S9n0uxKZFz/ikw=="
      },
      "Avalonia.Controls.ColorPicker": {
        "type": "Transitive",
        "resolved": "11.1.3",
        "contentHash": "xhFYsnGUz/9O9X0iNzpNg1S1D3D5RdeYmF7T9jgAeGme6gY76tFJCYSWozzvtTKhLLXgpj8v2bTnIxd2DBIH9w==",
        "dependencies": {
          "Avalonia": "11.1.3",
          "Avalonia.Remote.Protocol": "11.1.3"
        }
      },
      "Avalonia.Controls.DataGrid": {
        "type": "Transitive",
        "resolved": "11.1.3",
        "contentHash": "Ypqjb74jzhxAYGW6DumBvJaxOsB1IB5XcXHL5KfhgkvMZ5aW3ol3q7IBwScBvkffo2wgYaVvxkwyaDEuyjlrmQ==",
        "dependencies": {
          "Avalonia": "11.1.3",
          "Avalonia.Remote.Protocol": "11.1.3"
        }
      },
      "Avalonia.FreeDesktop": {
        "type": "Transitive",
        "resolved": "11.1.3",
        "contentHash": "dK7wxP00bJwh/kaAkjqnaIMA0ugNuaCGE92bJMBTDzh6hUStzkPri76x+/m+TKeep4JGeqGkvFhB8x4PbTbUVg==",
        "dependencies": {
          "Avalonia": "11.1.3",
          "Tmds.DBus.Protocol": "0.16.0"
        }
      },
      "Avalonia.Native": {
        "type": "Transitive",
        "resolved": "11.1.3",
        "contentHash": "eIFIIri3F/C/ZaCRJQg8Mmlm/PfWeGxo4AHkhIRc6MWS8v78fTR9MbN3GCzZAp+Eo8IqMPh4FnxsAEqtoGjdMA==",
        "dependencies": {
          "Avalonia": "11.1.3"
        }
      },
      "Avalonia.Remote.Protocol": {
        "type": "Transitive",
        "resolved": "11.1.3",
        "contentHash": "ByXwboJC1jg13Qdxfs3/aX/yY4wi9n1XKT+a6+ckLnpSeesjQ0J6N1+wix7ISuGwFo0cyT0nXpvI4s2Zo+rkSA=="
      },
      "Avalonia.Skia": {
        "type": "Transitive",
        "resolved": "11.1.3",
        "contentHash": "TmRbtvZGjtS4Ir9bhzMH/7k8oH2bdgel+QzvG0mrP+7c423/BdSFqXle0mnyg6DCkwF+tbNPdnKHBqkLdssVqw==",
        "dependencies": {
          "Avalonia": "11.1.3",
          "HarfBuzzSharp": "7.3.0.2",
          "HarfBuzzSharp.NativeAssets.Linux": "7.3.0.2",
          "HarfBuzzSharp.NativeAssets.WebAssembly": "7.3.0.2",
          "SkiaSharp": "2.88.8",
          "SkiaSharp.NativeAssets.Linux": "2.88.8",
          "SkiaSharp.NativeAssets.WebAssembly": "2.88.8"
        }
      },
      "Avalonia.Themes.Simple": {
        "type": "Transitive",
        "resolved": "11.1.3",
        "contentHash": "R/bLBXRzcKiDqq6unUL9zHsPFrnJezj4hK2+6hDtmRnd+JEHizEV/aK/fotP//0WROYFz23fJqH0SG0BOlXX6w==",
        "dependencies": {
          "Avalonia": "11.1.3"
        }
      },
      "Avalonia.Win32": {
        "type": "Transitive",
        "resolved": "11.1.3",
        "contentHash": "Rls4lqr67/3vSrZz5/H9QoxuAmRWdzDMtSitLPkFLZAttZ9MfyC4gIl2gpRx5EkTYSwTfqnVD7hdg0wHPP320Q==",
        "dependencies": {
          "Avalonia": "11.1.3",
          "Avalonia.Angle.Windows.Natives": "2.1.22045.20230930",
          "System.Numerics.Vectors": "4.5.0"
        }
      },
      "Avalonia.X11": {
        "type": "Transitive",
        "resolved": "11.1.3",
        "contentHash": "aFkg6ZH2Xob/R3jjF6hWEwFudI4sRXLIxriW6OsMdnJ2V3nXqspCasf8yBltfUEfrZzjaF8524SykBWP7uuRoA==",
        "dependencies": {
          "Avalonia": "11.1.3",
          "Avalonia.FreeDesktop": "11.1.3",
          "Avalonia.Skia": "11.1.3"
        }
      },
      "ColorHelper": {
        "type": "Transitive",
        "resolved": "1.8.1",
        "contentHash": "rblWXd/02TfwJjX53xEfQnbnDRKxCm09VtavV8JaIcmIFWt9efNf6xTQ3WeXgy/she5R31eRTtnizFoUoDrs5w=="
      },
      "Elmish": {
        "type": "Transitive",
        "resolved": "4.0.0",
        "contentHash": "GhrmvbwZs44P6ta6CytGOrPiPqRpF+uih10yCMy4BUpBcT6M+IQ2qmZmxYqSHh/Dd2CFhphWwijBi/t1sZkc5Q==",
        "dependencies": {
          "FSharp.Core": "6.0.7"
        }
      },
      "Fable.Core": {
        "type": "Transitive",
        "resolved": "4.1.0",
        "contentHash": "NISAbAVGEcvH2s+vHLSOCzh98xMYx4aIadWacQdWPcQLploxpSQXLEe9SeszUBhbHa73KMiKREsH4/W3q4A4iA=="
      },
      "HarfBuzzSharp": {
        "type": "Transitive",
        "resolved": "7.3.0.2",
        "contentHash": "0tCd6HyCmNsX/DniCp2b00fo0xPbdNwKOs9BxxyT8oOOuMlWjcSFwzONKyeckCKVBFEsbSmsAHPDTqxoSDwZMg==",
        "dependencies": {
          "HarfBuzzSharp.NativeAssets.Win32": "7.3.0.2",
          "HarfBuzzSharp.NativeAssets.macOS": "7.3.0.2"
        }
      },
      "HarfBuzzSharp.NativeAssets.Linux": {
        "type": "Transitive",
        "resolved": "7.3.0.2",
        "contentHash": "aKa5J1RqjXKAtdcZJp5wjC78klfBIzJHM6CneN76lFmQ9LLRJA9Oa0TkIDaV8lVLDKMAy5fCKHXFlXUK1YfL/g==",
        "dependencies": {
          "HarfBuzzSharp": "7.3.0.2"
        }
      },
      "HarfBuzzSharp.NativeAssets.macOS": {
        "type": "Transitive",
        "resolved": "7.3.0.2",
        "contentHash": "nycYH/WLJ6ogm+I+QSFCdPJsdxSb5GANWYbQyp1vsd/KjXN56RVUJWPhbgP2GKb/Y7mrsHM7EProqVXlO/EMsA=="
      },
      "HarfBuzzSharp.NativeAssets.WebAssembly": {
        "type": "Transitive",
        "resolved": "7.3.0.2",
        "contentHash": "pR6H16NOAjIhfXomYsgN5anGbOHSfIA8z0RoWEVx8vgLySxz9Jie4DnQ/paWTh5MTtBC8XKkTUI7uKMXcq/Pxw=="
      },
      "HarfBuzzSharp.NativeAssets.Win32": {
        "type": "Transitive",
        "resolved": "7.3.0.2",
        "contentHash": "DpF9JBzwws2dupOLnjME65hxQWWbN/GD40AoTkwB4S05WANvxo3n81AnQJKxWDCnrWfWhLPB36OF27TvEqzb/A=="
      },
      "MicroCom.Runtime": {
        "type": "Transitive",
        "resolved": "0.11.0",
        "contentHash": "MEnrZ3UIiH40hjzMDsxrTyi8dtqB5ziv3iBeeU4bXsL/7NLSal9F1lZKpK+tfBRnUoDSdtcW3KufE4yhATOMCA=="
      },
      "Newtonsoft.Json": {
        "type": "Transitive",
        "resolved": "13.0.1",
        "contentHash": "ppPFpBcvxdsfUonNcvITKqLl3bqxWbDCZIzDWHzjpdAHRFfZe0Dw9HmA0+za13IdyrgJwpkDTDA9fHaxOrt20A=="
      },
      "SkiaSharp": {
        "type": "Transitive",
        "resolved": "2.88.8",
        "contentHash": "bRkp3uKp5ZI8gXYQT57uKwil1uobb2p8c69n7v5evlB/2JNcMAXVcw9DZAP5Ig3WSvgzGm2YSn27UVeOi05NlA==",
        "dependencies": {
          "SkiaSharp.NativeAssets.Win32": "2.88.8",
          "SkiaSharp.NativeAssets.macOS": "2.88.8"
        }
      },
      "SkiaSharp.NativeAssets.Linux": {
        "type": "Transitive",
        "resolved": "2.88.8",
        "contentHash": "0FO6YA7paNFBMJULvEyecPmCvL9/STvOAi5VOUw2srqJ7pNTbiiZkfl7sulAzcumbWgfzaVjRXYTgMj7SoUnWQ==",
        "dependencies": {
          "SkiaSharp": "2.88.8"
        }
      },
      "SkiaSharp.NativeAssets.macOS": {
        "type": "Transitive",
        "resolved": "2.88.8",
        "contentHash": "6Kn5TSkKlfyS6azWHF3Jk2sW5C4jCE5uSshM/5AbfFrR+5n6qM5XEnz9h4VaVl7LTxBvHvMkuPb/3bpbq0vxTw=="
      },
      "SkiaSharp.NativeAssets.WebAssembly": {
        "type": "Transitive",
        "resolved": "2.88.8",
        "contentHash": "S3qRo8c+gVYOyfrdf6FYnjx/ft+gPkb4dNY2IPv5Oy5yNBhDhXhKqHFr9h4+ne6ZU+7D4dbuRQqsIqCo8u1/DA=="
      },
      "SkiaSharp.NativeAssets.Win32": {
        "type": "Transitive",
        "resolved": "2.88.8",
        "contentHash": "O9QXoWEXA+6cweR4h3BOnwMz+pO9vL9mXdjLrpDd0w1QzCgWmLQBxa1VgySDITiH7nQndrDG1h6937zm9pLj1Q=="
      },
      "Spectre.Console": {
        "type": "Transitive",
        "resolved": "0.49.0",
        "contentHash": "1s+hhYq5fcrqCvZhrNOPehAmCZJM6cjro85g1Qirvmm1tys+/sfFJgePCGcxr+S/nONZ/lCDTflPda3C+WlBdg=="
      },
      "System.IO.Abstractions": {
        "type": "Transitive",
        "resolved": "21.0.22",
        "contentHash": "DRnFyMIjO1KG9fqUPKV7XDPgECEwrNpsb3OLD0mImViVpRZ5747o7vqrOYbn9AMaQ8eajLeKH0fXQglgH7v42A==",
        "dependencies": {
          "TestableIO.System.IO.Abstractions": "21.0.22",
          "TestableIO.System.IO.Abstractions.Wrappers": "21.0.22"
        }
      },
      "System.IO.Pipelines": {
        "type": "Transitive",
        "resolved": "6.0.0",
        "contentHash": "mXX66shZ4xLlI3vNLaJ0lt8OIZdmXTvIqXRdQX5HLVGSkLhINLsVhyZuX2UdRFnOGkqnwmMUs40pIIQ7mna4+A=="
      },
      "System.Numerics.Vectors": {
        "type": "Transitive",
        "resolved": "4.5.0",
        "contentHash": "QQTlPTl06J/iiDbJCiepZ4H//BVraReU4O4EoRw1U02H5TLUIT7xn3GnDp9AXPSlJUDyFs4uWjWafNX6WrAojQ=="
      },
      "System.Text.Encodings.Web": {
        "type": "Transitive",
        "resolved": "8.0.0",
        "contentHash": "yev/k9GHAEGx2Rg3/tU6MQh4HGBXJs70y7j1LaM1i/ER9po+6nnQ6RRqTJn1E7Xu0fbIFK80Nh5EoODxrbxwBQ=="
      },
      "System.Text.Json": {
        "type": "Transitive",
        "resolved": "8.0.4",
        "contentHash": "bAkhgDJ88XTsqczoxEMliSrpijKZHhbJQldhAmObj/RbrN3sU5dcokuXmWJWsdQAhiMJ9bTayWsL1C9fbbCRhw==",
        "dependencies": {
          "System.Text.Encodings.Web": "8.0.0"
        }
      },
      "TestableIO.System.IO.Abstractions": {
        "type": "Transitive",
        "resolved": "21.0.22",
        "contentHash": "yq3I8rUjNoo4JTOT3jbGfTM5VfowaSYiooDO2bfvQe6XGVyZiSIzaKyCmSnuUEyuktw6zzuVE1lJnUeDhJWtyQ=="
      },
      "TestableIO.System.IO.Abstractions.Wrappers": {
        "type": "Transitive",
        "resolved": "21.0.22",
        "contentHash": "ETpw1B6VOsQ5zbfqxqLKjITnMvB9M0K5/bK8qJc6jih+tnlKQmtnnOPSS+OeKCqsZDYeHxPNp4ytQPJS3R+WXA==",
        "dependencies": {
          "TestableIO.System.IO.Abstractions": "21.0.22"
        }
      },
      "Thoth.Json.Core": {
        "type": "Transitive",
        "resolved": "0.1.0",
        "contentHash": "hIo4bdnbG2BOmCrUTHhScgn0aTnlGPQtmO0KiCklSHduEQV3r7SjwscvjjcbfXyc0nuPV6UOg05KHMUgiIeXjQ==",
        "dependencies": {
          "FSharp.Core": "5.0.0",
          "Fable.Core": "4.1.0"
        }
      },
      "Tmds.DBus.Protocol": {
        "type": "Transitive",
        "resolved": "0.16.0",
        "contentHash": "9Ne9AvrRWrDQvzbMcbTz3EaGRE1vQmkeeu0Xp7Ii0Wdlhwfjst8FDRas+RBslU5kdPWs2aeMLErzyT1DwH9zeA==",
        "dependencies": {
          "System.IO.Pipelines": "6.0.0"
        }
      },
      "Wcwidth": {
        "type": "Transitive",
        "resolved": "2.0.0",
        "contentHash": "eGZYH/V+X1DwEXrPUlUcAp8pU5a38d8IvaQzq4pclJxF1x8bizssIo4uWc3qxmS64BNGK5WnDxyBYJz84+Msqg=="
      }
    }
  }
}